
Microsoft Visual Studio Solution File, Format Version 12.00
# Visual Studio 2012
Project("{FAE04EC0-301F-11D3-BF4B-00C04F79EFBC}") = "F1 Live", "F1.Live\F1 Live.csproj", "{8E87109B-A68E-475F-A590-349B0A05314B}"
EndProject
Project("{FAE04EC0-301F-11D3-BF4B-00C04F79EFBC}") = "F1.Service", "F1.Service\F1.Service.csproj", "{DF7C7B8F-0920-4EC1-B8F2-E48FC7CDA269}"
EndProject
Global
	GlobalSection(SolutionConfigurationPlatforms) = preSolution
		Debug|Any CPU = Debug|Any CPU
		Release|Any CPU = Release|Any CPU
	EndGlobalSection
	GlobalSection(ProjectConfigurationPlatforms) = postSolution
		{8E87109B-A68E-475F-A590-349B0A05314B}.Debug|Any CPU.ActiveCfg = Debug|Any CPU
		{8E87109B-A68E-475F-A590-349B0A05314B}.Debug|Any CPU.Build.0 = Debug|Any CPU
		{8E87109B-A68E-475F-A590-349B0A05314B}.Release|Any CPU.ActiveCfg = Release|Any CPU
		{8E87109B-A68E-475F-A590-349B0A05314B}.Release|Any CPU.Build.0 = Release|Any CPU
		{DF7C7B8F-0920-4EC1-B8F2-E48FC7CDA269}.Debug|Any CPU.ActiveCfg = Debug|Any CPU
		{DF7C7B8F-0920-4EC1-B8F2-E48FC7CDA269}.Debug|Any CPU.Build.0 = Debug|Any CPU
		{DF7C7B8F-0920-4EC1-B8F2-E48FC7CDA269}.Release|Any CPU.ActiveCfg = Release|Any CPU
		{DF7C7B8F-0920-4EC1-B8F2-E48FC7CDA269}.Release|Any CPU.Build.0 = Release|Any CPU
	EndGlobalSection
	GlobalSection(SolutionProperties) = preSolution
		HideSolutionNode = FALSE
	EndGlobalSection
EndGlobal
